{
  "version": 4,
  "terraform_version": "1.10.2",
  "serial": 39,
  "lineage": "e5d8f124-4000-78a6-f45d-bdef1e96750d",
  "outputs": {},
  "resources": [
    {
      "mode": "managed",
      "type": "aws_ecr_repository",
      "name": "app_repo",
      "provider": "provider[\"registry.terraform.io/hashicorp/aws\"]",
      "instances": [
        {
          "schema_version": 0,
          "attributes": {
            "arn": "arn:aws:ecr:ap-southeast-1:787959421214:repository/nest-js-ez-backend",
            "encryption_configuration": [
              {
                "encryption_type": "AES256",
                "kms_key": ""
              }
            ],
            "force_delete": null,
            "id": "nest-js-ez-backend",
            "image_scanning_configuration": [
              {
                "scan_on_push": true
              }
            ],
            "image_tag_mutability": "MUTABLE",
            "name": "nest-js-ez-backend",
            "registry_id": "787959421214",
            "repository_url": "787959421214.dkr.ecr.ap-southeast-1.amazonaws.com/nest-js-ez-backend",
            "tags": {},
            "tags_all": {},
            "timeouts": null
          },
          "sensitive_attributes": [],
          "private": "eyJlMmJmYjczMC1lY2FhLTExZTYtOGY4OC0zNDM2M2JjN2M0YzAiOnsiZGVsZXRlIjoxMjAwMDAwMDAwMDAwfX0="
        }
      ]
    },
    {
      "mode": "managed",
      "type": "aws_ecs_cluster",
      "name": "main",
      "provider": "provider[\"registry.terraform.io/hashicorp/aws\"]",
      "instances": [
        {
          "schema_version": 0,
          "attributes": {
            "arn": "arn:aws:ecs:ap-southeast-1:787959421214:cluster/nest-js-ez-backend-cluster",
            "configuration": [],
            "id": "arn:aws:ecs:ap-southeast-1:787959421214:cluster/nest-js-ez-backend-cluster",
            "name": "nest-js-ez-backend-cluster",
            "service_connect_defaults": [],
            "setting": [
              {
                "name": "containerInsights",
                "value": "enabled"
              }
            ],
            "tags": {
              "Environment": "dev",
              "Name": "nest-js-ez-backend-cluster"
            },
            "tags_all": {
              "Environment": "dev",
              "Name": "nest-js-ez-backend-cluster"
            }
          },
          "sensitive_attributes": [],
          "private": "bnVsbA=="
        }
      ]
    },
    {
      "mode": "managed",
      "type": "aws_ecs_service",
      "name": "app",
      "provider": "provider[\"registry.terraform.io/hashicorp/aws\"]",
      "instances": [
        {
          "schema_version": 1,
          "attributes": {
            "alarms": [],
            "availability_zone_rebalancing": "DISABLED",
            "capacity_provider_strategy": [],
            "cluster": "arn:aws:ecs:ap-southeast-1:787959421214:cluster/nest-js-ez-backend-cluster",
            "deployment_circuit_breaker": [
              {
                "enable": true,
                "rollback": true
              }
            ],
            "deployment_controller": [
              {
                "type": "ECS"
              }
            ],
            "deployment_maximum_percent": 200,
            "deployment_minimum_healthy_percent": 100,
            "desired_count": 2,
            "enable_ecs_managed_tags": false,
            "enable_execute_command": false,
            "force_delete": null,
            "force_new_deployment": null,
            "health_check_grace_period_seconds": 0,
            "iam_role": "/aws-service-role/ecs.amazonaws.com/AWSServiceRoleForECS",
            "id": "arn:aws:ecs:ap-southeast-1:787959421214:service/nest-js-ez-backend-cluster/nest-js-ez-backend",
            "launch_type": "FARGATE",
            "load_balancer": [
              {
                "container_name": "nest-js-ez-backend",
                "container_port": 3000,
                "elb_name": "",
                "target_group_arn": "arn:aws:elasticloadbalancing:ap-southeast-1:787959421214:targetgroup/nest-js-ez-backend-tg/b5889cc2de49d9cd"
              }
            ],
            "name": "nest-js-ez-backend",
            "network_configuration": [
              {
                "assign_public_ip": true,
                "security_groups": [
                  "sg-0479f17150bd43e3e"
                ],
                "subnets": [
                  "subnet-00f3d684c5808a14d",
                  "subnet-030c0ef83cd468a26"
                ]
              }
            ],
            "ordered_placement_strategy": [],
            "placement_constraints": [],
            "platform_version": "LATEST",
            "propagate_tags": "NONE",
            "scheduling_strategy": "REPLICA",
            "service_connect_configuration": [],
            "service_registries": [],
            "tags": {
              "Environment": "dev",
              "Name": "nest-js-ez-backend-service"
            },
            "tags_all": {
              "Environment": "dev",
              "Name": "nest-js-ez-backend-service"
            },
            "task_definition": "arn:aws:ecs:ap-southeast-1:787959421214:task-definition/nest-js-ez-backend:1",
            "timeouts": null,
            "triggers": {},
            "volume_configuration": [],
            "vpc_lattice_configurations": [],
            "wait_for_steady_state": false
          },
          "sensitive_attributes": [],
          "private": "eyJlMmJmYjczMC1lY2FhLTExZTYtOGY4OC0zNDM2M2JjN2M0YzAiOnsiY3JlYXRlIjoxMjAwMDAwMDAwMDAwLCJkZWxldGUiOjEyMDAwMDAwMDAwMDAsInVwZGF0ZSI6MTIwMDAwMDAwMDAwMH0sInNjaGVtYV92ZXJzaW9uIjoiMSJ9",
          "dependencies": [
            "aws_ecr_repository.app_repo",
            "aws_ecs_cluster.main",
            "aws_ecs_task_definition.app",
            "aws_iam_role.ecs_execution_role",
            "aws_iam_role.ecs_task_role",
            "aws_lb_target_group.app",
            "aws_security_group.ecs_tasks"
          ]
        }
      ]
    },
    {
      "mode": "managed",
      "type": "aws_ecs_task_definition",
      "name": "app",
      "provider": "provider[\"registry.terraform.io/hashicorp/aws\"]",
      "instances": [
        {
          "schema_version": 1,
          "attributes": {
            "arn": "arn:aws:ecs:ap-southeast-1:787959421214:task-definition/nest-js-ez-backend:1",
            "arn_without_revision": "arn:aws:ecs:ap-southeast-1:787959421214:task-definition/nest-js-ez-backend",
            "container_definitions": "[{\"environment\":[{\"name\":\"DATABASE_URL\",\"value\":\"postgresql://postgres:postgres@localhost:5432/nest-js-ez-backend?schema=public\"},{\"name\":\"JWT_SECRET\",\"value\":\"0d7fd04879aa25ffd330572b4b1b146fb10f7ecfa76252e49cec66b01cf1873e10c0ca3b6e4aee6d090b007a9d764f671c6d5d74fd0d710f0bdfb4beeffa52a9\"}],\"essential\":true,\"healthCheck\":{\"command\":[\"CMD-SHELL\",\"curl -f http://localhost:3000/health || exit 1\"],\"interval\":30,\"retries\":3,\"startPeriod\":60,\"timeout\":5},\"image\":\"787959421214.dkr.ecr.ap-southeast-1.amazonaws.com/nest-js-ez-backend:latest\",\"logConfiguration\":{\"logDriver\":\"awslogs\",\"options\":{\"awslogs-group\":\"/ecs/nest-js-ez-backend\",\"awslogs-region\":\"ap-southeast-1\",\"awslogs-stream-prefix\":\"ecs\"}},\"mountPoints\":[],\"name\":\"nest-js-ez-backend\",\"portMappings\":[{\"containerPort\":3000,\"hostPort\":3000,\"protocol\":\"tcp\"}],\"systemControls\":[],\"volumesFrom\":[]}]",
            "cpu": "256",
            "ephemeral_storage": [],
            "execution_role_arn": "arn:aws:iam::787959421214:role/nest-js-ez-backend-ecs-execution-role",
            "family": "nest-js-ez-backend",
            "id": "nest-js-ez-backend",
            "inference_accelerator": [],
            "ipc_mode": "",
            "memory": "512",
            "network_mode": "awsvpc",
            "pid_mode": "",
            "placement_constraints": [],
            "proxy_configuration": [],
            "requires_compatibilities": [
              "FARGATE"
            ],
            "revision": 1,
            "runtime_platform": [],
            "skip_destroy": false,
            "tags": {
              "Environment": "dev",
              "Name": "nest-js-ez-backend-task-definition"
            },
            "tags_all": {
              "Environment": "dev",
              "Name": "nest-js-ez-backend-task-definition"
            },
            "task_role_arn": "arn:aws:iam::787959421214:role/nest-js-ez-backend-ecs-task-role",
            "track_latest": false,
            "volume": []
          },
          "sensitive_attributes": [],
          "private": "eyJzY2hlbWFfdmVyc2lvbiI6IjEifQ==",
          "dependencies": [
            "aws_ecr_repository.app_repo",
            "aws_iam_role.ecs_execution_role",
            "aws_iam_role.ecs_task_role"
          ]
        }
      ]
    },
    {
      "mode": "managed",
      "type": "aws_iam_role",
      "name": "ecs_execution_role",
      "provider": "provider[\"registry.terraform.io/hashicorp/aws\"]",
      "instances": [
        {
          "schema_version": 0,
          "attributes": {
            "arn": "arn:aws:iam::787959421214:role/nest-js-ez-backend-ecs-execution-role",
            "assume_role_policy": "{\"Statement\":[{\"Action\":\"sts:AssumeRole\",\"Effect\":\"Allow\",\"Principal\":{\"Service\":\"ecs-tasks.amazonaws.com\"}}],\"Version\":\"2012-10-17\"}",
            "create_date": "2024-12-13T07:00:32Z",
            "description": "",
            "force_detach_policies": false,
            "id": "nest-js-ez-backend-ecs-execution-role",
            "inline_policy": [],
            "managed_policy_arns": [
              "arn:aws:iam::aws:policy/service-role/AmazonECSTaskExecutionRolePolicy"
            ],
            "max_session_duration": 3600,
            "name": "nest-js-ez-backend-ecs-execution-role",
            "name_prefix": "",
            "path": "/",
            "permissions_boundary": "",
            "tags": {
              "Environment": "dev",
              "Name": "nest-js-ez-backend-execution-role"
            },
            "tags_all": {
              "Environment": "dev",
              "Name": "nest-js-ez-backend-execution-role"
            },
            "unique_id": "AROA3O5QKTEPN3N77VIYR"
          },
          "sensitive_attributes": [],
          "private": "bnVsbA=="
        }
      ]
    },
    {
      "mode": "managed",
      "type": "aws_iam_role",
      "name": "ecs_task_role",
      "provider": "provider[\"registry.terraform.io/hashicorp/aws\"]",
      "instances": [
        {
          "schema_version": 0,
          "attributes": {
            "arn": "arn:aws:iam::787959421214:role/nest-js-ez-backend-ecs-task-role",
            "assume_role_policy": "{\"Statement\":[{\"Action\":\"sts:AssumeRole\",\"Effect\":\"Allow\",\"Principal\":{\"Service\":\"ecs-tasks.amazonaws.com\"}}],\"Version\":\"2012-10-17\"}",
            "create_date": "2024-12-13T07:00:32Z",
            "description": "",
            "force_detach_policies": false,
            "id": "nest-js-ez-backend-ecs-task-role",
            "inline_policy": [],
            "managed_policy_arns": [],
            "max_session_duration": 3600,
            "name": "nest-js-ez-backend-ecs-task-role",
            "name_prefix": "",
            "path": "/",
            "permissions_boundary": "",
            "tags": {
              "Environment": "dev",
              "Name": "nest-js-ez-backend-task-role"
            },
            "tags_all": {
              "Environment": "dev",
              "Name": "nest-js-ez-backend-task-role"
            },
            "unique_id": "AROA3O5QKTEPHAXYZIX3B"
          },
          "sensitive_attributes": [],
          "private": "bnVsbA=="
        }
      ]
    },
    {
      "mode": "managed",
      "type": "aws_iam_role_policy_attachment",
      "name": "ecs_execution_role_policy",
      "provider": "provider[\"registry.terraform.io/hashicorp/aws\"]",
      "instances": [
        {
          "schema_version": 0,
          "attributes": {
            "id": "nest-js-ez-backend-ecs-execution-role-20241213070034027000000001",
            "policy_arn": "arn:aws:iam::aws:policy/service-role/AmazonECSTaskExecutionRolePolicy",
            "role": "nest-js-ez-backend-ecs-execution-role"
          },
          "sensitive_attributes": [],
          "private": "bnVsbA==",
          "dependencies": [
            "aws_iam_role.ecs_execution_role"
          ]
        }
      ]
    },
    {
      "mode": "managed",
      "type": "aws_lb",
      "name": "app",
      "provider": "provider[\"registry.terraform.io/hashicorp/aws\"]",
      "instances": [
        {
          "schema_version": 0,
          "attributes": {
            "access_logs": [
              {
                "bucket": "",
                "enabled": false,
                "prefix": ""
              }
            ],
            "arn": "arn:aws:elasticloadbalancing:ap-southeast-1:787959421214:loadbalancer/app/nest-js-ez-backend-alb/4c4c01564599c44d",
            "arn_suffix": "app/nest-js-ez-backend-alb/4c4c01564599c44d",
            "client_keep_alive": 3600,
            "connection_logs": [
              {
                "bucket": "",
                "enabled": false,
                "prefix": ""
              }
            ],
            "customer_owned_ipv4_pool": "",
            "desync_mitigation_mode": "defensive",
            "dns_name": "nest-js-ez-backend-alb-1260139664.ap-southeast-1.elb.amazonaws.com",
            "dns_record_client_routing_policy": null,
            "drop_invalid_header_fields": false,
            "enable_cross_zone_load_balancing": true,
            "enable_deletion_protection": false,
            "enable_http2": true,
            "enable_tls_version_and_cipher_suite_headers": false,
            "enable_waf_fail_open": false,
            "enable_xff_client_port": false,
            "enable_zonal_shift": false,
            "enforce_security_group_inbound_rules_on_private_link_traffic": "",
            "id": "arn:aws:elasticloadbalancing:ap-southeast-1:787959421214:loadbalancer/app/nest-js-ez-backend-alb/4c4c01564599c44d",
            "idle_timeout": 60,
            "internal": false,
            "ip_address_type": "ipv4",
            "load_balancer_type": "application",
            "name": "nest-js-ez-backend-alb",
            "name_prefix": "",
            "preserve_host_header": false,
            "security_groups": [
              "sg-05b9b8f5b0ea6ea4f"
            ],
            "subnet_mapping": [
              {
                "allocation_id": "",
                "ipv6_address": "",
                "outpost_id": "",
                "private_ipv4_address": "",
                "subnet_id": "subnet-00f3d684c5808a14d"
              },
              {
                "allocation_id": "",
                "ipv6_address": "",
                "outpost_id": "",
                "private_ipv4_address": "",
                "subnet_id": "subnet-030c0ef83cd468a26"
              }
            ],
            "subnets": [
              "subnet-00f3d684c5808a14d",
              "subnet-030c0ef83cd468a26"
            ],
            "tags": {
              "Name": "nest-js-ez-backend-alb"
            },
            "tags_all": {
              "Name": "nest-js-ez-backend-alb"
            },
            "timeouts": null,
            "vpc_id": "vpc-004e5358ef24ed856",
            "xff_header_processing_mode": "append",
            "zone_id": "Z1LMS91P8CMLE5"
          },
          "sensitive_attributes": [],
          "private": "eyJlMmJmYjczMC1lY2FhLTExZTYtOGY4OC0zNDM2M2JjN2M0YzAiOnsiY3JlYXRlIjo2MDAwMDAwMDAwMDAsImRlbGV0ZSI6NjAwMDAwMDAwMDAwLCJ1cGRhdGUiOjYwMDAwMDAwMDAwMH19"
        }
      ]
    },
    {
      "mode": "managed",
      "type": "aws_lb_listener",
      "name": "app",
      "provider": "provider[\"registry.terraform.io/hashicorp/aws\"]",
      "instances": [
        {
          "schema_version": 0,
          "attributes": {
            "alpn_policy": null,
            "arn": "arn:aws:elasticloadbalancing:ap-southeast-1:787959421214:listener/app/nest-js-ez-backend-alb/4c4c01564599c44d/b29e7e633985bd8f",
            "certificate_arn": null,
            "default_action": [
              {
                "authenticate_cognito": [],
                "authenticate_oidc": [],
                "fixed_response": [],
                "forward": [],
                "order": 1,
                "redirect": [],
                "target_group_arn": "arn:aws:elasticloadbalancing:ap-southeast-1:787959421214:targetgroup/nest-js-ez-backend-tg/b5889cc2de49d9cd",
                "type": "forward"
              }
            ],
            "id": "arn:aws:elasticloadbalancing:ap-southeast-1:787959421214:listener/app/nest-js-ez-backend-alb/4c4c01564599c44d/b29e7e633985bd8f",
            "load_balancer_arn": "arn:aws:elasticloadbalancing:ap-southeast-1:787959421214:loadbalancer/app/nest-js-ez-backend-alb/4c4c01564599c44d",
            "mutual_authentication": [],
            "port": 80,
            "protocol": "HTTP",
            "ssl_policy": "",
            "tags": null,
            "tags_all": {},
            "tcp_idle_timeout_seconds": null,
            "timeouts": null
          },
          "sensitive_attributes": [],
          "private": "eyJlMmJmYjczMC1lY2FhLTExZTYtOGY4OC0zNDM2M2JjN2M0YzAiOnsiY3JlYXRlIjozMDAwMDAwMDAwMDAsInVwZGF0ZSI6MzAwMDAwMDAwMDAwfX0=",
          "dependencies": [
            "aws_lb.app",
            "aws_lb_target_group.app"
          ]
        }
      ]
    },
    {
      "mode": "managed",
      "type": "aws_lb_target_group",
      "name": "app",
      "provider": "provider[\"registry.terraform.io/hashicorp/aws\"]",
      "instances": [
        {
          "schema_version": 0,
          "attributes": {
            "arn": "arn:aws:elasticloadbalancing:ap-southeast-1:787959421214:targetgroup/nest-js-ez-backend-tg/b5889cc2de49d9cd",
            "arn_suffix": "targetgroup/nest-js-ez-backend-tg/b5889cc2de49d9cd",
            "connection_termination": null,
            "deregistration_delay": "300",
            "health_check": [
              {
                "enabled": true,
                "healthy_threshold": 2,
                "interval": 30,
                "matcher": "200",
                "path": "/health",
                "port": "traffic-port",
                "protocol": "HTTP",
                "timeout": 5,
                "unhealthy_threshold": 3
              }
            ],
            "id": "arn:aws:elasticloadbalancing:ap-southeast-1:787959421214:targetgroup/nest-js-ez-backend-tg/b5889cc2de49d9cd",
            "ip_address_type": "ipv4",
            "lambda_multi_value_headers_enabled": false,
            "load_balancer_arns": [],
            "load_balancing_algorithm_type": "round_robin",
            "load_balancing_anomaly_mitigation": "off",
            "load_balancing_cross_zone_enabled": "use_load_balancer_configuration",
            "name": "nest-js-ez-backend-tg",
            "name_prefix": "",
            "port": 3000,
            "preserve_client_ip": null,
            "protocol": "HTTP",
            "protocol_version": "HTTP1",
            "proxy_protocol_v2": false,
            "slow_start": 0,
            "stickiness": [
              {
                "cookie_duration": 86400,
                "cookie_name": "",
                "enabled": false,
                "type": "lb_cookie"
              }
            ],
            "tags": {},
            "tags_all": {},
            "target_failover": [
              {
                "on_deregistration": null,
                "on_unhealthy": null
              }
            ],
            "target_group_health": [
              {
                "dns_failover": [
                  {
                    "minimum_healthy_targets_count": "1",
                    "minimum_healthy_targets_percentage": "off"
                  }
                ],
                "unhealthy_state_routing": [
                  {
                    "minimum_healthy_targets_count": 1,
                    "minimum_healthy_targets_percentage": "off"
                  }
                ]
              }
            ],
            "target_health_state": [
              {
                "enable_unhealthy_connection_termination": null,
                "unhealthy_draining_interval": null
              }
            ],
            "target_type": "ip",
            "vpc_id": "vpc-004e5358ef24ed856"
          },
          "sensitive_attributes": [],
          "private": "bnVsbA=="
        }
      ]
    },
    {
      "mode": "managed",
      "type": "aws_security_group",
      "name": "ecs_tasks",
      "provider": "provider[\"registry.terraform.io/hashicorp/aws\"]",
      "instances": [
        {
          "schema_version": 1,
          "attributes": {
            "arn": "arn:aws:ec2:ap-southeast-1:787959421214:security-group/sg-0479f17150bd43e3e",
            "description": "Security group for ECS tasks",
            "egress": [
              {
                "cidr_blocks": [
                  "0.0.0.0/0"
                ],
                "description": "",
                "from_port": 0,
                "ipv6_cidr_blocks": [],
                "prefix_list_ids": [],
                "protocol": "-1",
                "security_groups": [],
                "self": false,
                "to_port": 0
              }
            ],
            "id": "sg-0479f17150bd43e3e",
            "ingress": [
              {
                "cidr_blocks": [
                  "0.0.0.0/0"
                ],
                "description": "Allow inbound traffic on container port",
                "from_port": 3000,
                "ipv6_cidr_blocks": [],
                "prefix_list_ids": [],
                "protocol": "tcp",
                "security_groups": [],
                "self": false,
                "to_port": 3000
              }
            ],
            "name": "nest-js-ez-backend-ecs-tasks-sg",
            "name_prefix": "",
            "owner_id": "787959421214",
            "revoke_rules_on_delete": false,
            "tags": {
              "Environment": "dev",
              "Name": "nest-js-ez-backend-sg"
            },
            "tags_all": {
              "Environment": "dev",
              "Name": "nest-js-ez-backend-sg"
            },
            "timeouts": null,
            "vpc_id": "vpc-004e5358ef24ed856"
          },
          "sensitive_attributes": [],
          "private": "eyJlMmJmYjczMC1lY2FhLTExZTYtOGY4OC0zNDM2M2JjN2M0YzAiOnsiY3JlYXRlIjo2MDAwMDAwMDAwMDAsImRlbGV0ZSI6OTAwMDAwMDAwMDAwfSwic2NoZW1hX3ZlcnNpb24iOiIxIn0="
        }
      ]
    },
    {
      "mode": "managed",
      "type": "aws_security_group_rule",
      "name": "alb_http",
      "provider": "provider[\"registry.terraform.io/hashicorp/aws\"]",
      "instances": [
        {
          "schema_version": 2,
          "attributes": {
            "cidr_blocks": [
              "0.0.0.0/0"
            ],
            "description": null,
            "from_port": 80,
            "id": "sgrule-385585549",
            "ipv6_cidr_blocks": null,
            "prefix_list_ids": null,
            "protocol": "tcp",
            "security_group_id": "sg-05b9b8f5b0ea6ea4f",
            "security_group_rule_id": "sgr-0ffe56ca92df352c9",
            "self": false,
            "source_security_group_id": null,
            "timeouts": null,
            "to_port": 80,
            "type": "ingress"
          },
          "sensitive_attributes": [],
          "private": "eyJlMmJmYjczMC1lY2FhLTExZTYtOGY4OC0zNDM2M2JjN2M0YzAiOnsiY3JlYXRlIjozMDAwMDAwMDAwMDB9LCJzY2hlbWFfdmVyc2lvbiI6IjIifQ=="
        }
      ]
    }
  ],
  "check_results": null
}
